
Microsoft Visual Studio Solution File, Format Version 12.00
# Visual Studio Version 17
VisualStudioVersion = 17.4.33110.190
MinimumVisualStudioVersion = 10.0.40219.1
Project("{9A19103F-16F7-4668-BE54-9A1E7A4F7556}") = "BlablacarApi", "BlablacarApi\BlablacarApi.csproj", "{E0367623-FA81-4CFC-BC49-781486E4511C}"
EndProject
Project("{9A19103F-16F7-4668-BE54-9A1E7A4F7556}") = "Baucenter.ru", "Baucenter.ru\Baucenter.ru.csproj", "{36FDA39C-6700-4A40-8CA4-3C9895C489D1}"
EndProject
Project("{9A19103F-16F7-4668-BE54-9A1E7A4F7556}") = "Support", "Support\Support.csproj", "{78D51016-0F86-4C05-8404-DA97F333A531}"
EndProject
Project("{FAE04EC0-301F-11D3-BF4B-00C04F79EFBC}") = "Wildberries", "Wildberries\Wildberries.csproj", "{89CFE717-8266-48E3-A174-4FE1AA184A50}"
EndProject
Global
	GlobalSection(SolutionConfigurationPlatforms) = preSolution
		Debug|Any CPU = Debug|Any CPU
		Release|Any CPU = Release|Any CPU
	EndGlobalSection
	GlobalSection(ProjectConfigurationPlatforms) = postSolution
		{E0367623-FA81-4CFC-BC49-781486E4511C}.Debug|Any CPU.ActiveCfg = Debug|Any CPU
		{E0367623-FA81-4CFC-BC49-781486E4511C}.Debug|Any CPU.Build.0 = Debug|Any CPU
		{E0367623-FA81-4CFC-BC49-781486E4511C}.Release|Any CPU.ActiveCfg = Release|Any CPU
		{E0367623-FA81-4CFC-BC49-781486E4511C}.Release|Any CPU.Build.0 = Release|Any CPU
		{36FDA39C-6700-4A40-8CA4-3C9895C489D1}.Debug|Any CPU.ActiveCfg = Debug|Any CPU
		{36FDA39C-6700-4A40-8CA4-3C9895C489D1}.Debug|Any CPU.Build.0 = Debug|Any CPU
		{36FDA39C-6700-4A40-8CA4-3C9895C489D1}.Release|Any CPU.ActiveCfg = Release|Any CPU
		{36FDA39C-6700-4A40-8CA4-3C9895C489D1}.Release|Any CPU.Build.0 = Release|Any CPU
		{78D51016-0F86-4C05-8404-DA97F333A531}.Debug|Any CPU.ActiveCfg = Debug|Any CPU
		{78D51016-0F86-4C05-8404-DA97F333A531}.Debug|Any CPU.Build.0 = Debug|Any CPU
		{78D51016-0F86-4C05-8404-DA97F333A531}.Release|Any CPU.ActiveCfg = Release|Any CPU
		{78D51016-0F86-4C05-8404-DA97F333A531}.Release|Any CPU.Build.0 = Release|Any CPU
		{89CFE717-8266-48E3-A174-4FE1AA184A50}.Debug|Any CPU.ActiveCfg = Debug|Any CPU
		{89CFE717-8266-48E3-A174-4FE1AA184A50}.Debug|Any CPU.Build.0 = Debug|Any CPU
		{89CFE717-8266-48E3-A174-4FE1AA184A50}.Release|Any CPU.ActiveCfg = Release|Any CPU
		{89CFE717-8266-48E3-A174-4FE1AA184A50}.Release|Any CPU.Build.0 = Release|Any CPU
	EndGlobalSection
	GlobalSection(SolutionProperties) = preSolution
		HideSolutionNode = FALSE
	EndGlobalSection
	GlobalSection(ExtensibilityGlobals) = postSolution
		SolutionGuid = {7D938A02-9BCD-4809-8D7F-A35143F58D11}
	EndGlobalSection
EndGlobal
